{
  "nodes": {
    "catppuccin": {
      "locked": {
        "lastModified": 1731232837,
        "narHash": "sha256-0aIwr/RC/oe7rYkfJb47xjdEQDSNcqpFGsEa+EPlDEs=",
        "owner": "catppuccin",
        "repo": "nix",
        "rev": "32359bf226fe874d3b7a0a5753d291a4da9616fe",
        "type": "github"
      },
      "original": {
        "owner": "catppuccin",
        "repo": "nix",
        "type": "github"
      }
    },
    "home-manager": {
      "inputs": {
        "nixpkgs": [
          "nixpkgs"
        ]
      },
      "locked": {
        "lastModified": 1731786860,
        "narHash": "sha256-130gQ5k8kZlxjBEeLpE+SvWFgSOFgQFeZlqIik7KgtQ=",
        "owner": "nix-community",
        "repo": "home-manager",
        "rev": "1bd5616e33c0c54d7a5b37db94160635a9b27aeb",
        "type": "github"
      },
      "original": {
        "owner": "nix-community",
        "repo": "home-manager",
        "type": "github"
      }
    },
    "nix-darwin": {
      "inputs": {
        "nixpkgs": [
          "nixpkgs"
        ]
      },
      "locked": {
        "lastModified": 1731768170,
        "narHash": "sha256-9Zj2baKY3KaKzs5+nqZgIwr/o/iibhENFxjOnpU+IOU=",
        "owner": "LnL7",
        "repo": "nix-darwin",
        "rev": "2bcef10f4319f34ddebadb5f37eaa81ca2510730",
        "type": "github"
      },
      "original": {
        "owner": "LnL7",
        "repo": "nix-darwin",
        "type": "github"
      }
    },
    "nixpkgs": {
      "locked": {
        "lastModified": 1730891215,
        "narHash": "sha256-i85DPrhDuvzgvIWCpJlbfM2UFtNYbapo20MtQXsvay4=",
        "owner": "NixOS",
        "repo": "nixpkgs",
        "rev": "c128e44a249d6180740d0a979b6480d5b795c013",
        "type": "github"
      },
      "original": {
        "owner": "NixOS",
        "ref": "nixpkgs-24.05-darwin",
        "repo": "nixpkgs",
        "type": "github"
      }
    },
    "root": {
      "inputs": {
        "catppuccin": "catppuccin",
        "home-manager": "home-manager",
        "nix-darwin": "nix-darwin",
        "nixpkgs": "nixpkgs"
      }
    }
  },
  "root": "root",
  "version": 7
}
